
Microsoft Visual Studio Solution File, Format Version 12.00
# Visual Studio Version 17
VisualStudioVersion = 17.9.34616.47
MinimumVisualStudioVersion = 10.0.40219.1
Project("{9A19103F-16F7-4668-BE54-9A1E7A4F7556}") = "EndLand.Web", "EndLand\EndLand.Web.csproj", "{9F07BCA1-E16F-4F82-8070-CEE2CE853543}"
EndProject
Project("{9A19103F-16F7-4668-BE54-9A1E7A4F7556}") = "EndLand.Core", "EndLand.Core\EndLand.Core.csproj", "{17A2BB55-90F9-47F9-90C1-9307DE1164B4}"
EndProject
Project("{9A19103F-16F7-4668-BE54-9A1E7A4F7556}") = "EndLand.Data", "EndLand.Data\EndLand.Data.csproj", "{5EB867B1-4115-4980-ABB0-AE902C138872}"
EndProject
Project("{FAE04EC0-301F-11D3-BF4B-00C04F79EFBC}") = "EndLand.Repositories", "EndLand.Repositories\EndLand.Repositories.csproj", "{E4754879-0434-4F85-A31E-E40231670511}"
EndProject
Project("{FAE04EC0-301F-11D3-BF4B-00C04F79EFBC}") = "EndLand.Transfer", "EndLand.Transfer\EndLand.Transfer.csproj", "{9EDF259A-3CF7-49C0-A1B2-0DB0D01E64BB}"
EndProject
Global
	GlobalSection(SolutionConfigurationPlatforms) = preSolution
		Debug|Any CPU = Debug|Any CPU
		Release|Any CPU = Release|Any CPU
	EndGlobalSection
	GlobalSection(ProjectConfigurationPlatforms) = postSolution
		{9F07BCA1-E16F-4F82-8070-CEE2CE853543}.Debug|Any CPU.ActiveCfg = Debug|Any CPU
		{9F07BCA1-E16F-4F82-8070-CEE2CE853543}.Debug|Any CPU.Build.0 = Debug|Any CPU
		{9F07BCA1-E16F-4F82-8070-CEE2CE853543}.Release|Any CPU.ActiveCfg = Release|Any CPU
		{9F07BCA1-E16F-4F82-8070-CEE2CE853543}.Release|Any CPU.Build.0 = Release|Any CPU
		{17A2BB55-90F9-47F9-90C1-9307DE1164B4}.Debug|Any CPU.ActiveCfg = Debug|Any CPU
		{17A2BB55-90F9-47F9-90C1-9307DE1164B4}.Debug|Any CPU.Build.0 = Debug|Any CPU
		{17A2BB55-90F9-47F9-90C1-9307DE1164B4}.Release|Any CPU.ActiveCfg = Release|Any CPU
		{17A2BB55-90F9-47F9-90C1-9307DE1164B4}.Release|Any CPU.Build.0 = Release|Any CPU
		{5EB867B1-4115-4980-ABB0-AE902C138872}.Debug|Any CPU.ActiveCfg = Debug|Any CPU
		{5EB867B1-4115-4980-ABB0-AE902C138872}.Debug|Any CPU.Build.0 = Debug|Any CPU
		{5EB867B1-4115-4980-ABB0-AE902C138872}.Release|Any CPU.ActiveCfg = Release|Any CPU
		{5EB867B1-4115-4980-ABB0-AE902C138872}.Release|Any CPU.Build.0 = Release|Any CPU
		{E4754879-0434-4F85-A31E-E40231670511}.Debug|Any CPU.ActiveCfg = Debug|Any CPU
		{E4754879-0434-4F85-A31E-E40231670511}.Debug|Any CPU.Build.0 = Debug|Any CPU
		{E4754879-0434-4F85-A31E-E40231670511}.Release|Any CPU.ActiveCfg = Release|Any CPU
		{E4754879-0434-4F85-A31E-E40231670511}.Release|Any CPU.Build.0 = Release|Any CPU
		{9EDF259A-3CF7-49C0-A1B2-0DB0D01E64BB}.Debug|Any CPU.ActiveCfg = Debug|Any CPU
		{9EDF259A-3CF7-49C0-A1B2-0DB0D01E64BB}.Debug|Any CPU.Build.0 = Debug|Any CPU
		{9EDF259A-3CF7-49C0-A1B2-0DB0D01E64BB}.Release|Any CPU.ActiveCfg = Release|Any CPU
		{9EDF259A-3CF7-49C0-A1B2-0DB0D01E64BB}.Release|Any CPU.Build.0 = Release|Any CPU
	EndGlobalSection
	GlobalSection(SolutionProperties) = preSolution
		HideSolutionNode = FALSE
	EndGlobalSection
	GlobalSection(ExtensibilityGlobals) = postSolution
		SolutionGuid = {B49696EF-EE54-4366-94E2-69E705942F25}
	EndGlobalSection
EndGlobal
